// !$*UTF8*$!
{
	archiveVersion = 1;
	classes = {
	};
	objectVersion = 55;
	objects = {

/* Begin PBXBuildFile section */
		B20CC82F27E66434007A96E3 /* MedoApp.swift in Sources */ = {isa = PBXBuildFile; fileRef = B20CC82E27E66434007A96E3 /* MedoApp.swift */; };
		B20CC83127E66434007A96E3 /* ContentView.swift in Sources */ = {isa = PBXBuildFile; fileRef = B20CC83027E66434007A96E3 /* ContentView.swift */; };
		B20CC83327E66437007A96E3 /* Assets.xcassets in Resources */ = {isa = PBXBuildFile; fileRef = B20CC83227E66437007A96E3 /* Assets.xcassets */; };
		B20CC83627E66437007A96E3 /* Preview Assets.xcassets in Resources */ = {isa = PBXBuildFile; fileRef = B20CC83527E66437007A96E3 /* Preview Assets.xcassets */; };
		B20CC83827E66437007A96E3 /* Persistence.swift in Sources */ = {isa = PBXBuildFile; fileRef = B20CC83727E66437007A96E3 /* Persistence.swift */; };
		B20CC83B27E66437007A96E3 /* Medo.xcdatamodeld in Sources */ = {isa = PBXBuildFile; fileRef = B20CC83927E66437007A96E3 /* Medo.xcdatamodeld */; };
		B20CC84427E66489007A96E3 /* MainHostingVC.swift in Sources */ = {isa = PBXBuildFile; fileRef = B20CC84327E66489007A96E3 /* MainHostingVC.swift */; };
		B20CC84E27E66509007A96E3 /* EventMonitor.swift in Sources */ = {isa = PBXBuildFile; fileRef = B20CC84B27E66503007A96E3 /* EventMonitor.swift */; };
		B20CC84F27E66509007A96E3 /* StatusBarController.swift in Sources */ = {isa = PBXBuildFile; fileRef = B20CC84C27E66503007A96E3 /* StatusBarController.swift */; };
		B20CC85127E666B2007A96E3 /* TaskViewModel.swift in Sources */ = {isa = PBXBuildFile; fileRef = B20CC85027E666B2007A96E3 /* TaskViewModel.swift */; };
		B20CC85427E66859007A96E3 /* TaskEnums.swift in Sources */ = {isa = PBXBuildFile; fileRef = B20CC85327E66859007A96E3 /* TaskEnums.swift */; };
		B20CC85627E66BDF007A96E3 /* SingleTaskView.swift in Sources */ = {isa = PBXBuildFile; fileRef = B20CC85527E66BDF007A96E3 /* SingleTaskView.swift */; };
/* End PBXBuildFile section */

/* Begin PBXFileReference section */
		B20CC82B27E66434007A96E3 /* Medo.app */ = {isa = PBXFileReference; explicitFileType = wrapper.application; includeInIndex = 0; path = Medo.app; sourceTree = BUILT_PRODUCTS_DIR; };
		B20CC82E27E66434007A96E3 /* MedoApp.swift */ = {isa = PBXFileReference; lastKnownFileType = sourcecode.swift; path = MedoApp.swift; sourceTree = "<group>"; };
		B20CC83027E66434007A96E3 /* ContentView.swift */ = {isa = PBXFileReference; lastKnownFileType = sourcecode.swift; path = ContentView.swift; sourceTree = "<group>"; };
		B20CC83227E66437007A96E3 /* Assets.xcassets */ = {isa = PBXFileReference; lastKnownFileType = folder.assetcatalog; path = Assets.xcassets; sourceTree = "<group>"; };
		B20CC83527E66437007A96E3 /* Preview Assets.xcassets */ = {isa = PBXFileReference; lastKnownFileType = folder.assetcatalog; path = "Preview Assets.xcassets"; sourceTree = "<group>"; };
		B20CC83727E66437007A96E3 /* Persistence.swift */ = {isa = PBXFileReference; lastKnownFileType = sourcecode.swift; path = Persistence.swift; sourceTree = "<group>"; };
		B20CC83A27E66437007A96E3 /* Medo.xcdatamodel */ = {isa = PBXFileReference; lastKnownFileType = wrapper.xcdatamodel; path = Medo.xcdatamodel; sourceTree = "<group>"; };
		B20CC83C27E66437007A96E3 /* Medo.entitlements */ = {isa = PBXFileReference; lastKnownFileType = text.plist.entitlements; path = Medo.entitlements; sourceTree = "<group>"; };
		B20CC84327E66489007A96E3 /* MainHostingVC.swift */ = {isa = PBXFileReference; lastKnownFileType = sourcecode.swift; path = MainHostingVC.swift; sourceTree = "<group>"; };
		B20CC84B27E66503007A96E3 /* EventMonitor.swift */ = {isa = PBXFileReference; lastKnownFileType = sourcecode.swift; path = EventMonitor.swift; sourceTree = "<group>"; };
		B20CC84C27E66503007A96E3 /* StatusBarController.swift */ = {isa = PBXFileReference; lastKnownFileType = sourcecode.swift; path = StatusBarController.swift; sourceTree = "<group>"; };
		B20CC85027E666B2007A96E3 /* TaskViewModel.swift */ = {isa = PBXFileReference; lastKnownFileType = sourcecode.swift; path = TaskViewModel.swift; sourceTree = "<group>"; };
		B20CC85327E66859007A96E3 /* TaskEnums.swift */ = {isa = PBXFileReference; lastKnownFileType = sourcecode.swift; path = TaskEnums.swift; sourceTree = "<group>"; };
		B20CC85527E66BDF007A96E3 /* SingleTaskView.swift */ = {isa = PBXFileReference; lastKnownFileType = sourcecode.swift; path = SingleTaskView.swift; sourceTree = "<group>"; };
/* End PBXFileReference section */

/* Begin PBXFrameworksBuildPhase section */
		B20CC82827E66434007A96E3 /* Frameworks */ = {
			isa = PBXFrameworksBuildPhase;
			buildActionMask = 2147483647;
			files = (
			);
			runOnlyForDeploymentPostprocessing = 0;
		};
/* End PBXFrameworksBuildPhase section */

/* Begin PBXGroup section */
		B20CC82227E66434007A96E3 = {
			isa = PBXGroup;
			children = (
				B20CC82D27E66434007A96E3 /* Medo */,
				B20CC82C27E66434007A96E3 /* Products */,
			);
			sourceTree = "<group>";
		};
		B20CC82C27E66434007A96E3 /* Products */ = {
			isa = PBXGroup;
			children = (
				B20CC82B27E66434007A96E3 /* Medo.app */,
			);
			name = Products;
			sourceTree = "<group>";
		};
		B20CC82D27E66434007A96E3 /* Medo */ = {
			isa = PBXGroup;
			children = (
				B20CC83C27E66437007A96E3 /* Medo.entitlements */,
				B20CC82E27E66434007A96E3 /* MedoApp.swift */,
				B20CC84527E664C1007A96E3 /* Views */,
				B20CC84627E664C6007A96E3 /* ViewModels */,
				B20CC85227E6684C007A96E3 /* Models */,
				B20CC84227E6647A007A96E3 /* ViewController */,
				B20CC84827E664DF007A96E3 /* Extensions */,
				B20CC84927E664E5007A96E3 /* Helpers */,
				B20CC83427E66437007A96E3 /* Preview Content */,
				B20CC83227E66437007A96E3 /* Assets.xcassets */,
				B20CC83927E66437007A96E3 /* Medo.xcdatamodeld */,
			);
			path = Medo;
			sourceTree = "<group>";
		};
		B20CC83427E66437007A96E3 /* Preview Content */ = {
			isa = PBXGroup;
			children = (
				B20CC83527E66437007A96E3 /* Preview Assets.xcassets */,
			);
			path = "Preview Content";
			sourceTree = "<group>";
		};
		B20CC84227E6647A007A96E3 /* ViewController */ = {
			isa = PBXGroup;
			children = (
				B20CC84327E66489007A96E3 /* MainHostingVC.swift */,
			);
			path = ViewController;
			sourceTree = "<group>";
		};
		B20CC84527E664C1007A96E3 /* Views */ = {
			isa = PBXGroup;
			children = (
				B20CC83027E66434007A96E3 /* ContentView.swift */,
				B20CC85527E66BDF007A96E3 /* SingleTaskView.swift */,
			);
			path = Views;
			sourceTree = "<group>";
		};
		B20CC84627E664C6007A96E3 /* ViewModels */ = {
			isa = PBXGroup;
			children = (
				B20CC85027E666B2007A96E3 /* TaskViewModel.swift */,
			);
			path = ViewModels;
			sourceTree = "<group>";
		};
		B20CC84827E664DF007A96E3 /* Extensions */ = {
			isa = PBXGroup;
			children = (
			);
			path = Extensions;
			sourceTree = "<group>";
		};
		B20CC84927E664E5007A96E3 /* Helpers */ = {
			isa = PBXGroup;
			children = (
				B20CC83727E66437007A96E3 /* Persistence.swift */,
				B20CC84B27E66503007A96E3 /* EventMonitor.swift */,
				B20CC84C27E66503007A96E3 /* StatusBarController.swift */,
			);
			path = Helpers;
			sourceTree = "<group>";
		};
		B20CC85227E6684C007A96E3 /* Models */ = {
			isa = PBXGroup;
			children = (
				B20CC85327E66859007A96E3 /* TaskEnums.swift */,
			);
			path = Models;
			sourceTree = "<group>";
		};
/* End PBXGroup section */

/* Begin PBXNativeTarget section */
		B20CC82A27E66434007A96E3 /* Medo */ = {
			isa = PBXNativeTarget;
			buildConfigurationList = B20CC83F27E66437007A96E3 /* Build configuration list for PBXNativeTarget "Medo" */;
			buildPhases = (
				B20CC82727E66434007A96E3 /* Sources */,
				B20CC82827E66434007A96E3 /* Frameworks */,
				B20CC82927E66434007A96E3 /* Resources */,
			);
			buildRules = (
			);
			dependencies = (
			);
			name = Medo;
			productName = Medo;
			productReference = B20CC82B27E66434007A96E3 /* Medo.app */;
			productType = "com.apple.product-type.application";
		};
/* End PBXNativeTarget section */

/* Begin PBXProject section */
		B20CC82327E66434007A96E3 /* Project object */ = {
			isa = PBXProject;
			attributes = {
				BuildIndependentTargetsInParallel = 1;
				LastSwiftUpdateCheck = 1330;
				LastUpgradeCheck = 1330;
				TargetAttributes = {
					B20CC82A27E66434007A96E3 = {
						CreatedOnToolsVersion = 13.3;
					};
				};
			};
			buildConfigurationList = B20CC82627E66434007A96E3 /* Build configuration list for PBXProject "Medo" */;
			compatibilityVersion = "Xcode 13.0";
			developmentRegion = en;
			hasScannedForEncodings = 0;
			knownRegions = (
				en,
				Base,
			);
			mainGroup = B20CC82227E66434007A96E3;
			productRefGroup = B20CC82C27E66434007A96E3 /* Products */;
			projectDirPath = "";
			projectRoot = "";
			targets = (
				B20CC82A27E66434007A96E3 /* Medo */,
			);
		};
/* End PBXProject section */

/* Begin PBXResourcesBuildPhase section */
		B20CC82927E66434007A96E3 /* Resources */ = {
			isa = PBXResourcesBuildPhase;
			buildActionMask = 2147483647;
			files = (
				B20CC83627E66437007A96E3 /* Preview Assets.xcassets in Resources */,
				B20CC83327E66437007A96E3 /* Assets.xcassets in Resources */,
			);
			runOnlyForDeploymentPostprocessing = 0;
		};
/* End PBXResourcesBuildPhase section */

/* Begin PBXSourcesBuildPhase section */
		B20CC82727E66434007A96E3 /* Sources */ = {
			isa = PBXSourcesBuildPhase;
			buildActionMask = 2147483647;
			files = (
				B20CC83827E66437007A96E3 /* Persistence.swift in Sources */,
				B20CC84F27E66509007A96E3 /* StatusBarController.swift in Sources */,
				B20CC83127E66434007A96E3 /* ContentView.swift in Sources */,
				B20CC85627E66BDF007A96E3 /* SingleTaskView.swift in Sources */,
				B20CC84427E66489007A96E3 /* MainHostingVC.swift in Sources */,
				B20CC84E27E66509007A96E3 /* EventMonitor.swift in Sources */,
				B20CC85127E666B2007A96E3 /* TaskViewModel.swift in Sources */,
				B20CC83B27E66437007A96E3 /* Medo.xcdatamodeld in Sources */,
				B20CC82F27E66434007A96E3 /* MedoApp.swift in Sources */,
				B20CC85427E66859007A96E3 /* TaskEnums.swift in Sources */,
			);
			runOnlyForDeploymentPostprocessing = 0;
		};
/* End PBXSourcesBuildPhase section */

/* Begin XCBuildConfiguration section */
		B20CC83D27E66437007A96E3 /* Debug */ = {
			isa = XCBuildConfiguration;
			buildSettings = {
				ALWAYS_SEARCH_USER_PATHS = NO;
				CLANG_ANALYZER_NONNULL = YES;
				CLANG_ANALYZER_NUMBER_OBJECT_CONVERSION = YES_AGGRESSIVE;
				CLANG_CXX_LANGUAGE_STANDARD = "gnu++17";
				CLANG_ENABLE_MODULES = YES;
				CLANG_ENABLE_OBJC_ARC = YES;
				CLANG_ENABLE_OBJC_WEAK = YES;
				CLANG_WARN_BLOCK_CAPTURE_AUTORELEASING = YES;
				CLANG_WARN_BOOL_CONVERSION = YES;
				CLANG_WARN_COMMA = YES;
				CLANG_WARN_CONSTANT_CONVERSION = YES;
				CLANG_WARN_DEPRECATED_OBJC_IMPLEMENTATIONS = YES;
				CLANG_WARN_DIRECT_OBJC_ISA_USAGE = YES_ERROR;
				CLANG_WARN_DOCUMENTATION_COMMENTS = YES;
				CLANG_WARN_EMPTY_BODY = YES;
				CLANG_WARN_ENUM_CONVERSION = YES;
				CLANG_WARN_INFINITE_RECURSION = YES;
				CLANG_WARN_INT_CONVERSION = YES;
				CLANG_WARN_NON_LITERAL_NULL_CONVERSION = YES;
				CLANG_WARN_OBJC_IMPLICIT_RETAIN_SELF = YES;
				CLANG_WARN_OBJC_LITERAL_CONVERSION = YES;
				CLANG_WARN_OBJC_ROOT_CLASS = YES_ERROR;
				CLANG_WARN_QUOTED_INCLUDE_IN_FRAMEWORK_HEADER = YES;
				CLANG_WARN_RANGE_LOOP_ANALYSIS = YES;
				CLANG_WARN_STRICT_PROTOTYPES = YES;
				CLANG_WARN_SUSPICIOUS_MOVE = YES;
				CLANG_WARN_UNGUARDED_AVAILABILITY = YES_AGGRESSIVE;
				CLANG_WARN_UNREACHABLE_CODE = YES;
				CLANG_WARN__DUPLICATE_METHOD_MATCH = YES;
				COPY_PHASE_STRIP = NO;
				DEBUG_INFORMATION_FORMAT = dwarf;
				ENABLE_STRICT_OBJC_MSGSEND = YES;
				ENABLE_TESTABILITY = YES;
				GCC_C_LANGUAGE_STANDARD = gnu11;
				GCC_DYNAMIC_NO_PIC = NO;
				GCC_NO_COMMON_BLOCKS = YES;
				GCC_OPTIMIZATION_LEVEL = 0;
				GCC_PREPROCESSOR_DEFINITIONS = (
					"DEBUG=1",
					"$(inherited)",
				);
				GCC_WARN_64_TO_32_BIT_CONVERSION = YES;
				GCC_WARN_ABOUT_RETURN_TYPE = YES_ERROR;
				GCC_WARN_UNDECLARED_SELECTOR = YES;
				GCC_WARN_UNINITIALIZED_AUTOS = YES_AGGRESSIVE;
				GCC_WARN_UNUSED_FUNCTION = YES;
				GCC_WARN_UNUSED_VARIABLE = YES;
				MACOSX_DEPLOYMENT_TARGET = 12.3;
				MTL_ENABLE_DEBUG_INFO = INCLUDE_SOURCE;
				MTL_FAST_MATH = YES;
				ONLY_ACTIVE_ARCH = YES;
				SDKROOT = macosx;
				SWIFT_ACTIVE_COMPILATION_CONDITIONS = DEBUG;
				SWIFT_OPTIMIZATION_LEVEL = "-Onone";
			};
			name = Debug;
		};
		B20CC83E27E66437007A96E3 /* Release */ = {
			isa = XCBuildConfiguration;
			buildSettings = {
				ALWAYS_SEARCH_USER_PATHS = NO;
				CLANG_ANALYZER_NONNULL = YES;
				CLANG_ANALYZER_NUMBER_OBJECT_CONVERSION = YES_AGGRESSIVE;
				CLANG_CXX_LANGUAGE_STANDARD = "gnu++17";
				CLANG_ENABLE_MODULES = YES;
				CLANG_ENABLE_OBJC_ARC = YES;
				CLANG_ENABLE_OBJC_WEAK = YES;
				CLANG_WARN_BLOCK_CAPTURE_AUTORELEASING = YES;
				CLANG_WARN_BOOL_CONVERSION = YES;
				CLANG_WARN_COMMA = YES;
				CLANG_WARN_CONSTANT_CONVERSION = YES;
				CLANG_WARN_DEPRECATED_OBJC_IMPLEMENTATIONS = YES;
				CLANG_WARN_DIRECT_OBJC_ISA_USAGE = YES_ERROR;
				CLANG_WARN_DOCUMENTATION_COMMENTS = YES;
				CLANG_WARN_EMPTY_BODY = YES;
				CLANG_WARN_ENUM_CONVERSION = YES;
				CLANG_WARN_INFINITE_RECURSION = YES;
				CLANG_WARN_INT_CONVERSION = YES;
				CLANG_WARN_NON_LITERAL_NULL_CONVERSION = YES;
				CLANG_WARN_OBJC_IMPLICIT_RETAIN_SELF = YES;
				CLANG_WARN_OBJC_LITERAL_CONVERSION = YES;
				CLANG_WARN_OBJC_ROOT_CLASS = YES_ERROR;
				CLANG_WARN_QUOTED_INCLUDE_IN_FRAMEWORK_HEADER = YES;
				CLANG_WARN_RANGE_LOOP_ANALYSIS = YES;
				CLANG_WARN_STRICT_PROTOTYPES = YES;
				CLANG_WARN_SUSPICIOUS_MOVE = YES;
				CLANG_WARN_UNGUARDED_AVAILABILITY = YES_AGGRESSIVE;
				CLANG_WARN_UNREACHABLE_CODE = YES;
				CLANG_WARN__DUPLICATE_METHOD_MATCH = YES;
				COPY_PHASE_STRIP = NO;
				DEBUG_INFORMATION_FORMAT = "dwarf-with-dsym";
				ENABLE_NS_ASSERTIONS = NO;
				ENABLE_STRICT_OBJC_MSGSEND = YES;
				GCC_C_LANGUAGE_STANDARD = gnu11;
				GCC_NO_COMMON_BLOCKS = YES;
				GCC_WARN_64_TO_32_BIT_CONVERSION = YES;
				GCC_WARN_ABOUT_RETURN_TYPE = YES_ERROR;
				GCC_WARN_UNDECLARED_SELECTOR = YES;
				GCC_WARN_UNINITIALIZED_AUTOS = YES_AGGRESSIVE;
				GCC_WARN_UNUSED_FUNCTION = YES;
				GCC_WARN_UNUSED_VARIABLE = YES;
				MACOSX_DEPLOYMENT_TARGET = 12.3;
				MTL_ENABLE_DEBUG_INFO = NO;
				MTL_FAST_MATH = YES;
				SDKROOT = macosx;
				SWIFT_COMPILATION_MODE = wholemodule;
				SWIFT_OPTIMIZATION_LEVEL = "-O";
			};
			name = Release;
		};
		B20CC84027E66437007A96E3 /* Debug */ = {
			isa = XCBuildConfiguration;
			buildSettings = {
				ASSETCATALOG_COMPILER_APPICON_NAME = AppIcon;
				ASSETCATALOG_COMPILER_GLOBAL_ACCENT_COLOR_NAME = AccentColor;
				CODE_SIGN_ENTITLEMENTS = Medo/Medo.entitlements;
				CODE_SIGN_STYLE = Automatic;
				COMBINE_HIDPI_IMAGES = YES;
				CURRENT_PROJECT_VERSION = 1;
				DEVELOPMENT_ASSET_PATHS = "\"Medo/Preview Content\"";
				DEVELOPMENT_TEAM = 4538W4A79B;
				ENABLE_HARDENED_RUNTIME = YES;
				ENABLE_PREVIEWS = YES;
				GENERATE_INFOPLIST_FILE = YES;
				INFOPLIST_KEY_NSHumanReadableCopyright = "";
				LD_RUNPATH_SEARCH_PATHS = (
					"$(inherited)",
					"@executable_path/../Frameworks",
				);
				MARKETING_VERSION = 1.0;
				PRODUCT_BUNDLE_IDENTIFIER = com.aayush.opensource.Medo;
				PRODUCT_NAME = "$(TARGET_NAME)";
				SWIFT_EMIT_LOC_STRINGS = YES;
				SWIFT_VERSION = 5.0;
			};
			name = Debug;
		};
		B20CC84127E66437007A96E3 /* Release */ = {
			isa = XCBuildConfiguration;
			buildSettings = {
				ASSETCATALOG_COMPILER_APPICON_NAME = AppIcon;
				ASSETCATALOG_COMPILER_GLOBAL_ACCENT_COLOR_NAME = AccentColor;
				CODE_SIGN_ENTITLEMENTS = Medo/Medo.entitlements;
				CODE_SIGN_STYLE = Automatic;
				COMBINE_HIDPI_IMAGES = YES;
				CURRENT_PROJECT_VERSION = 1;
				DEVELOPMENT_ASSET_PATHS = "\"Medo/Preview Content\"";
				DEVELOPMENT_TEAM = 4538W4A79B;
				ENABLE_HARDENED_RUNTIME = YES;
				ENABLE_PREVIEWS = YES;
				GENERATE_INFOPLIST_FILE = YES;
				INFOPLIST_KEY_NSHumanReadableCopyright = "";
				LD_RUNPATH_SEARCH_PATHS = (
					"$(inherited)",
					"@executable_path/../Frameworks",
				);
				MARKETING_VERSION = 1.0;
				PRODUCT_BUNDLE_IDENTIFIER = com.aayush.opensource.Medo;
				PRODUCT_NAME = "$(TARGET_NAME)";
				SWIFT_EMIT_LOC_STRINGS = YES;
				SWIFT_VERSION = 5.0;
			};
			name = Release;
		};
/* End XCBuildConfiguration section */

/* Begin XCConfigurationList section */
		B20CC82627E66434007A96E3 /* Build configuration list for PBXProject "Medo" */ = {
			isa = XCConfigurationList;
			buildConfigurations = (
				B20CC83D27E66437007A96E3 /* Debug */,
				B20CC83E27E66437007A96E3 /* Release */,
			);
			defaultConfigurationIsVisible = 0;
			defaultConfigurationName = Release;
		};
		B20CC83F27E66437007A96E3 /* Build configuration list for PBXNativeTarget "Medo" */ = {
			isa = XCConfigurationList;
			buildConfigurations = (
				B20CC84027E66437007A96E3 /* Debug */,
				B20CC84127E66437007A96E3 /* Release */,
			);
			defaultConfigurationIsVisible = 0;
			defaultConfigurationName = Release;
		};
/* End XCConfigurationList section */

/* Begin XCVersionGroup section */
		B20CC83927E66437007A96E3 /* Medo.xcdatamodeld */ = {
			isa = XCVersionGroup;
			children = (
				B20CC83A27E66437007A96E3 /* Medo.xcdatamodel */,
			);
			currentVersion = B20CC83A27E66437007A96E3 /* Medo.xcdatamodel */;
			path = Medo.xcdatamodeld;
			sourceTree = "<group>";
			versionGroupType = wrapper.xcdatamodel;
		};
/* End XCVersionGroup section */
	};
	rootObject = B20CC82327E66434007A96E3 /* Project object */;
}
