// !$*UTF8*$!
{
	archiveVersion = 1;
	classes = {
	};
	objectVersion = 55;
	objects = {

/* Begin PBXBuildFile section */
		B20CC82F27E66434007A96E3 /* MedoApp.swift in Sources */ = {isa = PBXBuildFile; fileRef = B20CC82E27E66434007A96E3 /* MedoApp.swift */; };
		B20CC83127E66434007A96E3 /* ContentView.swift in Sources */ = {isa = PBXBuildFile; fileRef = B20CC83027E66434007A96E3 /* ContentView.swift */; };
		B20CC83327E66437007A96E3 /* Assets.xcassets in Resources */ = {isa = PBXBuildFile; fileRef = B20CC83227E66437007A96E3 /* Assets.xcassets */; };
		B20CC83627E66437007A96E3 /* Preview Assets.xcassets in Resources */ = {isa = PBXBuildFile; fileRef = B20CC83527E66437007A96E3 /* Preview Assets.xcassets */; };
		B20CC83827E66437007A96E3 /* Persistence.swift in Sources */ = {isa = PBXBuildFile; fileRef = B20CC83727E66437007A96E3 /* Persistence.swift */; };
		B20CC83B27E66437007A96E3 /* Medo.xcdatamodeld in Sources */ = {isa = PBXBuildFile; fileRef = B20CC83927E66437007A96E3 /* Medo.xcdatamodeld */; };
		B20CC84427E66489007A96E3 /* MainHostingVC.swift in Sources */ = {isa = PBXBuildFile; fileRef = B20CC84327E66489007A96E3 /* MainHostingVC.swift */; };
		B20CC84E27E66509007A96E3 /* EventMonitor.swift in Sources */ = {isa = PBXBuildFile; fileRef = B20CC84B27E66503007A96E3 /* EventMonitor.swift */; };
		B20CC84F27E66509007A96E3 /* StatusBarController.swift in Sources */ = {isa = PBXBuildFile; fileRef = B20CC84C27E66503007A96E3 /* StatusBarController.swift */; };
		B20CC85127E666B2007A96E3 /* TaskViewModel.swift in Sources */ = {isa = PBXBuildFile; fileRef = B20CC85027E666B2007A96E3 /* TaskViewModel.swift */; };
		B20CC85427E66859007A96E3 /* TaskEnums.swift in Sources */ = {isa = PBXBuildFile; fileRef = B20CC85327E66859007A96E3 /* TaskEnums.swift */; };
		B20CC85627E66BDF007A96E3 /* SingleTaskView.swift in Sources */ = {isa = PBXBuildFile; fileRef = B20CC85527E66BDF007A96E3 /* SingleTaskView.swift */; };
		B255313227E6901800E813A1 /* CircularButtonModifier.swift in Sources */ = {isa = PBXBuildFile; fileRef = B255313127E6901800E813A1 /* CircularButtonModifier.swift */; };
		B255313427E690DA00E813A1 /* View+Extensions.swift in Sources */ = {isa = PBXBuildFile; fileRef = B255313327E690DA00E813A1 /* View+Extensions.swift */; };
		B255313627E6924300E813A1 /* EmptyTaskView.swift in Sources */ = {isa = PBXBuildFile; fileRef = B255313527E6924300E813A1 /* EmptyTaskView.swift */; };
		B255313827E6AEB600E813A1 /* TasksListView.swift in Sources */ = {isa = PBXBuildFile; fileRef = B255313727E6AEB600E813A1 /* TasksListView.swift */; };
		B255313A27E6B00200E813A1 /* TaskContextMenu.swift in Sources */ = {isa = PBXBuildFile; fileRef = B255313927E6B00200E813A1 /* TaskContextMenu.swift */; };
		B255313D27E6B2C400E813A1 /* BottomBarView.swift in Sources */ = {isa = PBXBuildFile; fileRef = B255313C27E6B2C400E813A1 /* BottomBarView.swift */; };
		B255314027E6DA4000E813A1 /* PrefrencesView.swift in Sources */ = {isa = PBXBuildFile; fileRef = B255313F27E6DA4000E813A1 /* PrefrencesView.swift */; };
		B255314227E6DB2000E813A1 /* AppStorageStrings.swift in Sources */ = {isa = PBXBuildFile; fileRef = B255314127E6DB2000E813A1 /* AppStorageStrings.swift */; };
		B255314427E6DBC600E813A1 /* PrefrencesUsageView.swift in Sources */ = {isa = PBXBuildFile; fileRef = B255314327E6DBC600E813A1 /* PrefrencesUsageView.swift */; };
		B255314627E6E08600E813A1 /* PrefrencesAboutView.swift in Sources */ = {isa = PBXBuildFile; fileRef = B255314527E6E08600E813A1 /* PrefrencesAboutView.swift */; };
		B255314827E6E89F00E813A1 /* PrefrencesPowerUserView.swift in Sources */ = {isa = PBXBuildFile; fileRef = B255314727E6E89F00E813A1 /* PrefrencesPowerUserView.swift */; };
		B27A85B927E6F30100E3C48D /* PrefrencesGeneralView.swift in Sources */ = {isa = PBXBuildFile; fileRef = B27A85B827E6F30100E3C48D /* PrefrencesGeneralView.swift */; };
		B2CF9B2827E777FE00D9C494 /* URLParser.swift in Sources */ = {isa = PBXBuildFile; fileRef = B2CF9B2727E777FE00D9C494 /* URLParser.swift */; };
		B2CF9B2A27E7997D00D9C494 /* URL+Extensions.swift in Sources */ = {isa = PBXBuildFile; fileRef = B2CF9B2927E7997D00D9C494 /* URL+Extensions.swift */; };
		B2FBDBC327EA410400093263 /* UrlParseType.swift in Sources */ = {isa = PBXBuildFile; fileRef = B2FBDBC227EA410400093263 /* UrlParseType.swift */; };
		B2FBDBCB27EA4FDF00093263 /* WelcomeView.swift in Sources */ = {isa = PBXBuildFile; fileRef = B2FBDBCA27EA4FDF00093263 /* WelcomeView.swift */; };
		B2FBDBCD27EA51C400093263 /* WelcomeView2.swift in Sources */ = {isa = PBXBuildFile; fileRef = B2FBDBCC27EA51C400093263 /* WelcomeView2.swift */; };
		B2FBDBCF27EA526C00093263 /* WelcomeView3.swift in Sources */ = {isa = PBXBuildFile; fileRef = B2FBDBCE27EA526C00093263 /* WelcomeView3.swift */; };
		B2FBDBD127EA540800093263 /* MainWelcomeView.swift in Sources */ = {isa = PBXBuildFile; fileRef = B2FBDBD027EA540800093263 /* MainWelcomeView.swift */; };
		B2FBDBD427EA5D2500093263 /* LaunchAtLogin in Frameworks */ = {isa = PBXBuildFile; productRef = B2FBDBD327EA5D2500093263 /* LaunchAtLogin */; };
/* End PBXBuildFile section */

/* Begin PBXFileReference section */
		B20CC82B27E66434007A96E3 /* Medo.app */ = {isa = PBXFileReference; explicitFileType = wrapper.application; includeInIndex = 0; path = Medo.app; sourceTree = BUILT_PRODUCTS_DIR; };
		B20CC82E27E66434007A96E3 /* MedoApp.swift */ = {isa = PBXFileReference; lastKnownFileType = sourcecode.swift; path = MedoApp.swift; sourceTree = "<group>"; };
		B20CC83027E66434007A96E3 /* ContentView.swift */ = {isa = PBXFileReference; lastKnownFileType = sourcecode.swift; path = ContentView.swift; sourceTree = "<group>"; };
		B20CC83227E66437007A96E3 /* Assets.xcassets */ = {isa = PBXFileReference; lastKnownFileType = folder.assetcatalog; path = Assets.xcassets; sourceTree = "<group>"; };
		B20CC83527E66437007A96E3 /* Preview Assets.xcassets */ = {isa = PBXFileReference; lastKnownFileType = folder.assetcatalog; path = "Preview Assets.xcassets"; sourceTree = "<group>"; };
		B20CC83727E66437007A96E3 /* Persistence.swift */ = {isa = PBXFileReference; lastKnownFileType = sourcecode.swift; path = Persistence.swift; sourceTree = "<group>"; };
		B20CC83A27E66437007A96E3 /* Medo.xcdatamodel */ = {isa = PBXFileReference; lastKnownFileType = wrapper.xcdatamodel; path = Medo.xcdatamodel; sourceTree = "<group>"; };
		B20CC83C27E66437007A96E3 /* Medo.entitlements */ = {isa = PBXFileReference; lastKnownFileType = text.plist.entitlements; path = Medo.entitlements; sourceTree = "<group>"; };
		B20CC84327E66489007A96E3 /* MainHostingVC.swift */ = {isa = PBXFileReference; lastKnownFileType = sourcecode.swift; path = MainHostingVC.swift; sourceTree = "<group>"; };
		B20CC84B27E66503007A96E3 /* EventMonitor.swift */ = {isa = PBXFileReference; lastKnownFileType = sourcecode.swift; path = EventMonitor.swift; sourceTree = "<group>"; };
		B20CC84C27E66503007A96E3 /* StatusBarController.swift */ = {isa = PBXFileReference; lastKnownFileType = sourcecode.swift; path = StatusBarController.swift; sourceTree = "<group>"; };
		B20CC85027E666B2007A96E3 /* TaskViewModel.swift */ = {isa = PBXFileReference; lastKnownFileType = sourcecode.swift; path = TaskViewModel.swift; sourceTree = "<group>"; };
		B20CC85327E66859007A96E3 /* TaskEnums.swift */ = {isa = PBXFileReference; lastKnownFileType = sourcecode.swift; path = TaskEnums.swift; sourceTree = "<group>"; };
		B20CC85527E66BDF007A96E3 /* SingleTaskView.swift */ = {isa = PBXFileReference; lastKnownFileType = sourcecode.swift; path = SingleTaskView.swift; sourceTree = "<group>"; };
		B255313127E6901800E813A1 /* CircularButtonModifier.swift */ = {isa = PBXFileReference; lastKnownFileType = sourcecode.swift; path = CircularButtonModifier.swift; sourceTree = "<group>"; };
		B255313327E690DA00E813A1 /* View+Extensions.swift */ = {isa = PBXFileReference; lastKnownFileType = sourcecode.swift; path = "View+Extensions.swift"; sourceTree = "<group>"; };
		B255313527E6924300E813A1 /* EmptyTaskView.swift */ = {isa = PBXFileReference; lastKnownFileType = sourcecode.swift; path = EmptyTaskView.swift; sourceTree = "<group>"; };
		B255313727E6AEB600E813A1 /* TasksListView.swift */ = {isa = PBXFileReference; lastKnownFileType = sourcecode.swift; path = TasksListView.swift; sourceTree = "<group>"; };
		B255313927E6B00200E813A1 /* TaskContextMenu.swift */ = {isa = PBXFileReference; lastKnownFileType = sourcecode.swift; path = TaskContextMenu.swift; sourceTree = "<group>"; };
		B255313C27E6B2C400E813A1 /* BottomBarView.swift */ = {isa = PBXFileReference; lastKnownFileType = sourcecode.swift; path = BottomBarView.swift; sourceTree = "<group>"; };
		B255313F27E6DA4000E813A1 /* PrefrencesView.swift */ = {isa = PBXFileReference; lastKnownFileType = sourcecode.swift; path = PrefrencesView.swift; sourceTree = "<group>"; };
		B255314127E6DB2000E813A1 /* AppStorageStrings.swift */ = {isa = PBXFileReference; lastKnownFileType = sourcecode.swift; path = AppStorageStrings.swift; sourceTree = "<group>"; };
		B255314327E6DBC600E813A1 /* PrefrencesUsageView.swift */ = {isa = PBXFileReference; lastKnownFileType = sourcecode.swift; path = PrefrencesUsageView.swift; sourceTree = "<group>"; };
		B255314527E6E08600E813A1 /* PrefrencesAboutView.swift */ = {isa = PBXFileReference; lastKnownFileType = sourcecode.swift; path = PrefrencesAboutView.swift; sourceTree = "<group>"; };
		B255314727E6E89F00E813A1 /* PrefrencesPowerUserView.swift */ = {isa = PBXFileReference; lastKnownFileType = sourcecode.swift; path = PrefrencesPowerUserView.swift; sourceTree = "<group>"; };
		B27A85B827E6F30100E3C48D /* PrefrencesGeneralView.swift */ = {isa = PBXFileReference; lastKnownFileType = sourcecode.swift; path = PrefrencesGeneralView.swift; sourceTree = "<group>"; };
		B2CF9B2727E777FE00D9C494 /* URLParser.swift */ = {isa = PBXFileReference; lastKnownFileType = sourcecode.swift; path = URLParser.swift; sourceTree = "<group>"; };
		B2CF9B2927E7997D00D9C494 /* URL+Extensions.swift */ = {isa = PBXFileReference; lastKnownFileType = sourcecode.swift; path = "URL+Extensions.swift"; sourceTree = "<group>"; };
		B2E50DEA27E775FC001E19D5 /* Info.plist */ = {isa = PBXFileReference; lastKnownFileType = text.plist; path = Info.plist; sourceTree = "<group>"; };
		B2FBDBC227EA410400093263 /* UrlParseType.swift */ = {isa = PBXFileReference; lastKnownFileType = sourcecode.swift; path = UrlParseType.swift; sourceTree = "<group>"; };
		B2FBDBCA27EA4FDF00093263 /* WelcomeView.swift */ = {isa = PBXFileReference; lastKnownFileType = sourcecode.swift; path = WelcomeView.swift; sourceTree = "<group>"; };
		B2FBDBCC27EA51C400093263 /* WelcomeView2.swift */ = {isa = PBXFileReference; lastKnownFileType = sourcecode.swift; path = WelcomeView2.swift; sourceTree = "<group>"; };
		B2FBDBCE27EA526C00093263 /* WelcomeView3.swift */ = {isa = PBXFileReference; lastKnownFileType = sourcecode.swift; path = WelcomeView3.swift; sourceTree = "<group>"; };
		B2FBDBD027EA540800093263 /* MainWelcomeView.swift */ = {isa = PBXFileReference; lastKnownFileType = sourcecode.swift; path = MainWelcomeView.swift; sourceTree = "<group>"; };
/* End PBXFileReference section */

/* Begin PBXFrameworksBuildPhase section */
		B20CC82827E66434007A96E3 /* Frameworks */ = {
			isa = PBXFrameworksBuildPhase;
			buildActionMask = 2147483647;
			files = (
				B2FBDBD427EA5D2500093263 /* LaunchAtLogin in Frameworks */,
			);
			runOnlyForDeploymentPostprocessing = 0;
		};
/* End PBXFrameworksBuildPhase section */

/* Begin PBXGroup section */
		B20CC82227E66434007A96E3 = {
			isa = PBXGroup;
			children = (
				B20CC82D27E66434007A96E3 /* Medo */,
				B20CC82C27E66434007A96E3 /* Products */,
			);
			sourceTree = "<group>";
		};
		B20CC82C27E66434007A96E3 /* Products */ = {
			isa = PBXGroup;
			children = (
				B20CC82B27E66434007A96E3 /* Medo.app */,
			);
			name = Products;
			sourceTree = "<group>";
		};
		B20CC82D27E66434007A96E3 /* Medo */ = {
			isa = PBXGroup;
			children = (
				B2E50DEA27E775FC001E19D5 /* Info.plist */,
				B20CC83C27E66437007A96E3 /* Medo.entitlements */,
				B20CC82E27E66434007A96E3 /* MedoApp.swift */,
				B20CC84527E664C1007A96E3 /* Views */,
				B20CC84627E664C6007A96E3 /* ViewModels */,
				B20CC85227E6684C007A96E3 /* Models */,
				B255313027E6900100E813A1 /* ViewModifiers */,
				B20CC84227E6647A007A96E3 /* ViewController */,
				B20CC84827E664DF007A96E3 /* Extensions */,
				B20CC84927E664E5007A96E3 /* Helpers */,
				B20CC83427E66437007A96E3 /* Preview Content */,
				B20CC83227E66437007A96E3 /* Assets.xcassets */,
				B20CC83927E66437007A96E3 /* Medo.xcdatamodeld */,
			);
			path = Medo;
			sourceTree = "<group>";
		};
		B20CC83427E66437007A96E3 /* Preview Content */ = {
			isa = PBXGroup;
			children = (
				B20CC83527E66437007A96E3 /* Preview Assets.xcassets */,
			);
			path = "Preview Content";
			sourceTree = "<group>";
		};
		B20CC84227E6647A007A96E3 /* ViewController */ = {
			isa = PBXGroup;
			children = (
				B20CC84327E66489007A96E3 /* MainHostingVC.swift */,
			);
			path = ViewController;
			sourceTree = "<group>";
		};
		B20CC84527E664C1007A96E3 /* Views */ = {
			isa = PBXGroup;
			children = (
				B2FBDBC927EA4FD400093263 /* WelcomView */,
				B2FBDBC427EA41BC00093263 /* FloatingView */,
				B255313E27E6DA1B00E813A1 /* PrefrencesView */,
				B255313B27E6B27200E813A1 /* SubViews */,
				B20CC83027E66434007A96E3 /* ContentView.swift */,
				B255313727E6AEB600E813A1 /* TasksListView.swift */,
				B20CC85527E66BDF007A96E3 /* SingleTaskView.swift */,
			);
			path = Views;
			sourceTree = "<group>";
		};
		B20CC84627E664C6007A96E3 /* ViewModels */ = {
			isa = PBXGroup;
			children = (
				B20CC85027E666B2007A96E3 /* TaskViewModel.swift */,
			);
			path = ViewModels;
			sourceTree = "<group>";
		};
		B20CC84827E664DF007A96E3 /* Extensions */ = {
			isa = PBXGroup;
			children = (
				B255313327E690DA00E813A1 /* View+Extensions.swift */,
				B2CF9B2927E7997D00D9C494 /* URL+Extensions.swift */,
			);
			path = Extensions;
			sourceTree = "<group>";
		};
		B20CC84927E664E5007A96E3 /* Helpers */ = {
			isa = PBXGroup;
			children = (
				B2CF9B2727E777FE00D9C494 /* URLParser.swift */,
				B20CC83727E66437007A96E3 /* Persistence.swift */,
				B20CC84B27E66503007A96E3 /* EventMonitor.swift */,
				B20CC84C27E66503007A96E3 /* StatusBarController.swift */,
			);
			path = Helpers;
			sourceTree = "<group>";
		};
		B20CC85227E6684C007A96E3 /* Models */ = {
			isa = PBXGroup;
			children = (
				B20CC85327E66859007A96E3 /* TaskEnums.swift */,
				B255314127E6DB2000E813A1 /* AppStorageStrings.swift */,
				B2FBDBC227EA410400093263 /* UrlParseType.swift */,
			);
			path = Models;
			sourceTree = "<group>";
		};
		B255313027E6900100E813A1 /* ViewModifiers */ = {
			isa = PBXGroup;
			children = (
				B255313127E6901800E813A1 /* CircularButtonModifier.swift */,
			);
			path = ViewModifiers;
			sourceTree = "<group>";
		};
		B255313B27E6B27200E813A1 /* SubViews */ = {
			isa = PBXGroup;
			children = (
				B255313927E6B00200E813A1 /* TaskContextMenu.swift */,
				B255313C27E6B2C400E813A1 /* BottomBarView.swift */,
				B255313527E6924300E813A1 /* EmptyTaskView.swift */,
			);
			path = SubViews;
			sourceTree = "<group>";
		};
		B255313E27E6DA1B00E813A1 /* PrefrencesView */ = {
			isa = PBXGroup;
			children = (
				B255313F27E6DA4000E813A1 /* PrefrencesView.swift */,
				B27A85B827E6F30100E3C48D /* PrefrencesGeneralView.swift */,
				B255314527E6E08600E813A1 /* PrefrencesAboutView.swift */,
				B255314327E6DBC600E813A1 /* PrefrencesUsageView.swift */,
				B255314727E6E89F00E813A1 /* PrefrencesPowerUserView.swift */,
			);
			path = PrefrencesView;
			sourceTree = "<group>";
		};
		B2FBDBC427EA41BC00093263 /* FloatingView */ = {
			isa = PBXGroup;
			children = (
			);
			path = FloatingView;
			sourceTree = "<group>";
		};
		B2FBDBC927EA4FD400093263 /* WelcomView */ = {
			isa = PBXGroup;
			children = (
				B2FBDBD027EA540800093263 /* MainWelcomeView.swift */,
				B2FBDBCA27EA4FDF00093263 /* WelcomeView.swift */,
				B2FBDBCC27EA51C400093263 /* WelcomeView2.swift */,
				B2FBDBCE27EA526C00093263 /* WelcomeView3.swift */,
			);
			path = WelcomView;
			sourceTree = "<group>";
		};
/* End PBXGroup section */

/* Begin PBXNativeTarget section */
		B20CC82A27E66434007A96E3 /* Medo */ = {
			isa = PBXNativeTarget;
			buildConfigurationList = B20CC83F27E66437007A96E3 /* Build configuration list for PBXNativeTarget "Medo" */;
			buildPhases = (
				B20CC82727E66434007A96E3 /* Sources */,
				B20CC82827E66434007A96E3 /* Frameworks */,
				B20CC82927E66434007A96E3 /* Resources */,
				B2FBDBC827EA4F0900093263 /* ShellScript */,
			);
			buildRules = (
			);
			dependencies = (
			);
			name = Medo;
			packageProductDependencies = (
				B2FBDBD327EA5D2500093263 /* LaunchAtLogin */,
			);
			productName = Medo;
			productReference = B20CC82B27E66434007A96E3 /* Medo.app */;
			productType = "com.apple.product-type.application";
		};
/* End PBXNativeTarget section */

/* Begin PBXProject section */
		B20CC82327E66434007A96E3 /* Project object */ = {
			isa = PBXProject;
			attributes = {
				BuildIndependentTargetsInParallel = 1;
				LastSwiftUpdateCheck = 1330;
				LastUpgradeCheck = 1330;
				TargetAttributes = {
					B20CC82A27E66434007A96E3 = {
						CreatedOnToolsVersion = 13.3;
					};
				};
			};
			buildConfigurationList = B20CC82627E66434007A96E3 /* Build configuration list for PBXProject "Medo" */;
			compatibilityVersion = "Xcode 13.0";
			developmentRegion = en;
			hasScannedForEncodings = 0;
			knownRegions = (
				en,
				Base,
			);
			mainGroup = B20CC82227E66434007A96E3;
			packageReferences = (
				B2FBDBD227EA5D2500093263 /* XCRemoteSwiftPackageReference "LaunchAtLogin" */,
			);
			productRefGroup = B20CC82C27E66434007A96E3 /* Products */;
			projectDirPath = "";
			projectRoot = "";
			targets = (
				B20CC82A27E66434007A96E3 /* Medo */,
			);
		};
/* End PBXProject section */

/* Begin PBXResourcesBuildPhase section */
		B20CC82927E66434007A96E3 /* Resources */ = {
			isa = PBXResourcesBuildPhase;
			buildActionMask = 2147483647;
			files = (
				B20CC83627E66437007A96E3 /* Preview Assets.xcassets in Resources */,
				B20CC83327E66437007A96E3 /* Assets.xcassets in Resources */,
			);
			runOnlyForDeploymentPostprocessing = 0;
		};
/* End PBXResourcesBuildPhase section */

/* Begin PBXShellScriptBuildPhase section */
		B2FBDBC827EA4F0900093263 /* ShellScript */ = {
			isa = PBXShellScriptBuildPhase;
			buildActionMask = 2147483647;
			files = (
			);
			inputFileListPaths = (
			);
			inputPaths = (
			);
			outputFileListPaths = (
			);
			outputPaths = (
			);
			runOnlyForDeploymentPostprocessing = 0;
			shellPath = /bin/sh;
			shellScript = "\"${BUILT_PRODUCTS_DIR}/LaunchAtLogin_LaunchAtLogin.bundle/Contents/Resources/copy-helper-swiftpm.sh\"\n";
		};
/* End PBXShellScriptBuildPhase section */

/* Begin PBXSourcesBuildPhase section */
		B20CC82727E66434007A96E3 /* Sources */ = {
			isa = PBXSourcesBuildPhase;
			buildActionMask = 2147483647;
			files = (
				B255313627E6924300E813A1 /* EmptyTaskView.swift in Sources */,
				B20CC83827E66437007A96E3 /* Persistence.swift in Sources */,
				B2FBDBC327EA410400093263 /* UrlParseType.swift in Sources */,
				B20CC84F27E66509007A96E3 /* StatusBarController.swift in Sources */,
				B2CF9B2827E777FE00D9C494 /* URLParser.swift in Sources */,
				B255313D27E6B2C400E813A1 /* BottomBarView.swift in Sources */,
				B255314227E6DB2000E813A1 /* AppStorageStrings.swift in Sources */,
				B2FBDBCB27EA4FDF00093263 /* WelcomeView.swift in Sources */,
				B20CC83127E66434007A96E3 /* ContentView.swift in Sources */,
				B20CC85627E66BDF007A96E3 /* SingleTaskView.swift in Sources */,
				B20CC84427E66489007A96E3 /* MainHostingVC.swift in Sources */,
				B27A85B927E6F30100E3C48D /* PrefrencesGeneralView.swift in Sources */,
				B255314427E6DBC600E813A1 /* PrefrencesUsageView.swift in Sources */,
				B2FBDBCD27EA51C400093263 /* WelcomeView2.swift in Sources */,
				B255313227E6901800E813A1 /* CircularButtonModifier.swift in Sources */,
				B2FBDBCF27EA526C00093263 /* WelcomeView3.swift in Sources */,
				B255313827E6AEB600E813A1 /* TasksListView.swift in Sources */,
				B2CF9B2A27E7997D00D9C494 /* URL+Extensions.swift in Sources */,
				B255314027E6DA4000E813A1 /* PrefrencesView.swift in Sources */,
				B255313A27E6B00200E813A1 /* TaskContextMenu.swift in Sources */,
				B20CC84E27E66509007A96E3 /* EventMonitor.swift in Sources */,
				B20CC85127E666B2007A96E3 /* TaskViewModel.swift in Sources */,
				B20CC83B27E66437007A96E3 /* Medo.xcdatamodeld in Sources */,
				B20CC82F27E66434007A96E3 /* MedoApp.swift in Sources */,
				B255314827E6E89F00E813A1 /* PrefrencesPowerUserView.swift in Sources */,
				B2FBDBD127EA540800093263 /* MainWelcomeView.swift in Sources */,
				B255313427E690DA00E813A1 /* View+Extensions.swift in Sources */,
				B20CC85427E66859007A96E3 /* TaskEnums.swift in Sources */,
				B255314627E6E08600E813A1 /* PrefrencesAboutView.swift in Sources */,
			);
			runOnlyForDeploymentPostprocessing = 0;
		};
/* End PBXSourcesBuildPhase section */

/* Begin XCBuildConfiguration section */
		B20CC83D27E66437007A96E3 /* Debug */ = {
			isa = XCBuildConfiguration;
			buildSettings = {
				ALWAYS_SEARCH_USER_PATHS = NO;
				CLANG_ANALYZER_NONNULL = YES;
				CLANG_ANALYZER_NUMBER_OBJECT_CONVERSION = YES_AGGRESSIVE;
				CLANG_CXX_LANGUAGE_STANDARD = "gnu++17";
				CLANG_ENABLE_MODULES = YES;
				CLANG_ENABLE_OBJC_ARC = YES;
				CLANG_ENABLE_OBJC_WEAK = YES;
				CLANG_WARN_BLOCK_CAPTURE_AUTORELEASING = YES;
				CLANG_WARN_BOOL_CONVERSION = YES;
				CLANG_WARN_COMMA = YES;
				CLANG_WARN_CONSTANT_CONVERSION = YES;
				CLANG_WARN_DEPRECATED_OBJC_IMPLEMENTATIONS = YES;
				CLANG_WARN_DIRECT_OBJC_ISA_USAGE = YES_ERROR;
				CLANG_WARN_DOCUMENTATION_COMMENTS = YES;
				CLANG_WARN_EMPTY_BODY = YES;
				CLANG_WARN_ENUM_CONVERSION = YES;
				CLANG_WARN_INFINITE_RECURSION = YES;
				CLANG_WARN_INT_CONVERSION = YES;
				CLANG_WARN_NON_LITERAL_NULL_CONVERSION = YES;
				CLANG_WARN_OBJC_IMPLICIT_RETAIN_SELF = YES;
				CLANG_WARN_OBJC_LITERAL_CONVERSION = YES;
				CLANG_WARN_OBJC_ROOT_CLASS = YES_ERROR;
				CLANG_WARN_QUOTED_INCLUDE_IN_FRAMEWORK_HEADER = YES;
				CLANG_WARN_RANGE_LOOP_ANALYSIS = YES;
				CLANG_WARN_STRICT_PROTOTYPES = YES;
				CLANG_WARN_SUSPICIOUS_MOVE = YES;
				CLANG_WARN_UNGUARDED_AVAILABILITY = YES_AGGRESSIVE;
				CLANG_WARN_UNREACHABLE_CODE = YES;
				CLANG_WARN__DUPLICATE_METHOD_MATCH = YES;
				COPY_PHASE_STRIP = NO;
				DEBUG_INFORMATION_FORMAT = dwarf;
				ENABLE_STRICT_OBJC_MSGSEND = YES;
				ENABLE_TESTABILITY = YES;
				GCC_C_LANGUAGE_STANDARD = gnu11;
				GCC_DYNAMIC_NO_PIC = NO;
				GCC_NO_COMMON_BLOCKS = YES;
				GCC_OPTIMIZATION_LEVEL = 0;
				GCC_PREPROCESSOR_DEFINITIONS = (
					"DEBUG=1",
					"$(inherited)",
				);
				GCC_WARN_64_TO_32_BIT_CONVERSION = YES;
				GCC_WARN_ABOUT_RETURN_TYPE = YES_ERROR;
				GCC_WARN_UNDECLARED_SELECTOR = YES;
				GCC_WARN_UNINITIALIZED_AUTOS = YES_AGGRESSIVE;
				GCC_WARN_UNUSED_FUNCTION = YES;
				GCC_WARN_UNUSED_VARIABLE = YES;
				MACOSX_DEPLOYMENT_TARGET = 12.0;
				MTL_ENABLE_DEBUG_INFO = INCLUDE_SOURCE;
				MTL_FAST_MATH = YES;
				ONLY_ACTIVE_ARCH = YES;
				SDKROOT = macosx;
				SWIFT_ACTIVE_COMPILATION_CONDITIONS = DEBUG;
				SWIFT_OPTIMIZATION_LEVEL = "-Onone";
			};
			name = Debug;
		};
		B20CC83E27E66437007A96E3 /* Release */ = {
			isa = XCBuildConfiguration;
			buildSettings = {
				ALWAYS_SEARCH_USER_PATHS = NO;
				CLANG_ANALYZER_NONNULL = YES;
				CLANG_ANALYZER_NUMBER_OBJECT_CONVERSION = YES_AGGRESSIVE;
				CLANG_CXX_LANGUAGE_STANDARD = "gnu++17";
				CLANG_ENABLE_MODULES = YES;
				CLANG_ENABLE_OBJC_ARC = YES;
				CLANG_ENABLE_OBJC_WEAK = YES;
				CLANG_WARN_BLOCK_CAPTURE_AUTORELEASING = YES;
				CLANG_WARN_BOOL_CONVERSION = YES;
				CLANG_WARN_COMMA = YES;
				CLANG_WARN_CONSTANT_CONVERSION = YES;
				CLANG_WARN_DEPRECATED_OBJC_IMPLEMENTATIONS = YES;
				CLANG_WARN_DIRECT_OBJC_ISA_USAGE = YES_ERROR;
				CLANG_WARN_DOCUMENTATION_COMMENTS = YES;
				CLANG_WARN_EMPTY_BODY = YES;
				CLANG_WARN_ENUM_CONVERSION = YES;
				CLANG_WARN_INFINITE_RECURSION = YES;
				CLANG_WARN_INT_CONVERSION = YES;
				CLANG_WARN_NON_LITERAL_NULL_CONVERSION = YES;
				CLANG_WARN_OBJC_IMPLICIT_RETAIN_SELF = YES;
				CLANG_WARN_OBJC_LITERAL_CONVERSION = YES;
				CLANG_WARN_OBJC_ROOT_CLASS = YES_ERROR;
				CLANG_WARN_QUOTED_INCLUDE_IN_FRAMEWORK_HEADER = YES;
				CLANG_WARN_RANGE_LOOP_ANALYSIS = YES;
				CLANG_WARN_STRICT_PROTOTYPES = YES;
				CLANG_WARN_SUSPICIOUS_MOVE = YES;
				CLANG_WARN_UNGUARDED_AVAILABILITY = YES_AGGRESSIVE;
				CLANG_WARN_UNREACHABLE_CODE = YES;
				CLANG_WARN__DUPLICATE_METHOD_MATCH = YES;
				COPY_PHASE_STRIP = NO;
				DEBUG_INFORMATION_FORMAT = "dwarf-with-dsym";
				ENABLE_NS_ASSERTIONS = NO;
				ENABLE_STRICT_OBJC_MSGSEND = YES;
				GCC_C_LANGUAGE_STANDARD = gnu11;
				GCC_NO_COMMON_BLOCKS = YES;
				GCC_WARN_64_TO_32_BIT_CONVERSION = YES;
				GCC_WARN_ABOUT_RETURN_TYPE = YES_ERROR;
				GCC_WARN_UNDECLARED_SELECTOR = YES;
				GCC_WARN_UNINITIALIZED_AUTOS = YES_AGGRESSIVE;
				GCC_WARN_UNUSED_FUNCTION = YES;
				GCC_WARN_UNUSED_VARIABLE = YES;
				MACOSX_DEPLOYMENT_TARGET = 12.0;
				MTL_ENABLE_DEBUG_INFO = NO;
				MTL_FAST_MATH = YES;
				SDKROOT = macosx;
				SWIFT_COMPILATION_MODE = wholemodule;
				SWIFT_OPTIMIZATION_LEVEL = "-O";
			};
			name = Release;
		};
		B20CC84027E66437007A96E3 /* Debug */ = {
			isa = XCBuildConfiguration;
			buildSettings = {
				ASSETCATALOG_COMPILER_APPICON_NAME = AppIcon;
				ASSETCATALOG_COMPILER_GLOBAL_ACCENT_COLOR_NAME = AccentColor;
				CODE_SIGN_ENTITLEMENTS = Medo/Medo.entitlements;
				CODE_SIGN_STYLE = Automatic;
				COMBINE_HIDPI_IMAGES = YES;
				CURRENT_PROJECT_VERSION = 1;
				DEVELOPMENT_ASSET_PATHS = "\"Medo/Preview Content\"";
				DEVELOPMENT_TEAM = 4538W4A79B;
				ENABLE_HARDENED_RUNTIME = YES;
				ENABLE_PREVIEWS = YES;
				GENERATE_INFOPLIST_FILE = YES;
				INFOPLIST_FILE = Medo/Info.plist;
				INFOPLIST_KEY_LSApplicationCategoryType = "public.app-category.utilities";
				INFOPLIST_KEY_NSHumanReadableCopyright = "";
				LD_RUNPATH_SEARCH_PATHS = (
					"$(inherited)",
					"@executable_path/../Frameworks",
				);
				MARKETING_VERSION = 1.0;
				PRODUCT_BUNDLE_IDENTIFIER = com.aayush.opensource.Medo;
				PRODUCT_NAME = "$(TARGET_NAME)";
				SWIFT_EMIT_LOC_STRINGS = YES;
				SWIFT_VERSION = 5.0;
			};
			name = Debug;
		};
		B20CC84127E66437007A96E3 /* Release */ = {
			isa = XCBuildConfiguration;
			buildSettings = {
				ASSETCATALOG_COMPILER_APPICON_NAME = AppIcon;
				ASSETCATALOG_COMPILER_GLOBAL_ACCENT_COLOR_NAME = AccentColor;
				CODE_SIGN_ENTITLEMENTS = Medo/Medo.entitlements;
				CODE_SIGN_STYLE = Automatic;
				COMBINE_HIDPI_IMAGES = YES;
				CURRENT_PROJECT_VERSION = 1;
				DEVELOPMENT_ASSET_PATHS = "\"Medo/Preview Content\"";
				DEVELOPMENT_TEAM = 4538W4A79B;
				ENABLE_HARDENED_RUNTIME = YES;
				ENABLE_PREVIEWS = YES;
				GENERATE_INFOPLIST_FILE = YES;
				INFOPLIST_FILE = Medo/Info.plist;
				INFOPLIST_KEY_LSApplicationCategoryType = "public.app-category.utilities";
				INFOPLIST_KEY_NSHumanReadableCopyright = "";
				LD_RUNPATH_SEARCH_PATHS = (
					"$(inherited)",
					"@executable_path/../Frameworks",
				);
				MARKETING_VERSION = 1.0;
				PRODUCT_BUNDLE_IDENTIFIER = com.aayush.opensource.Medo;
				PRODUCT_NAME = "$(TARGET_NAME)";
				SWIFT_EMIT_LOC_STRINGS = YES;
				SWIFT_VERSION = 5.0;
			};
			name = Release;
		};
/* End XCBuildConfiguration section */

/* Begin XCConfigurationList section */
		B20CC82627E66434007A96E3 /* Build configuration list for PBXProject "Medo" */ = {
			isa = XCConfigurationList;
			buildConfigurations = (
				B20CC83D27E66437007A96E3 /* Debug */,
				B20CC83E27E66437007A96E3 /* Release */,
			);
			defaultConfigurationIsVisible = 0;
			defaultConfigurationName = Release;
		};
		B20CC83F27E66437007A96E3 /* Build configuration list for PBXNativeTarget "Medo" */ = {
			isa = XCConfigurationList;
			buildConfigurations = (
				B20CC84027E66437007A96E3 /* Debug */,
				B20CC84127E66437007A96E3 /* Release */,
			);
			defaultConfigurationIsVisible = 0;
			defaultConfigurationName = Release;
		};
/* End XCConfigurationList section */

/* Begin XCRemoteSwiftPackageReference section */
		B2FBDBD227EA5D2500093263 /* XCRemoteSwiftPackageReference "LaunchAtLogin" */ = {
			isa = XCRemoteSwiftPackageReference;
			repositoryURL = "https://github.com/sindresorhus/LaunchAtLogin";
			requirement = {
				branch = main;
				kind = branch;
			};
		};
/* End XCRemoteSwiftPackageReference section */

/* Begin XCSwiftPackageProductDependency section */
		B2FBDBD327EA5D2500093263 /* LaunchAtLogin */ = {
			isa = XCSwiftPackageProductDependency;
			package = B2FBDBD227EA5D2500093263 /* XCRemoteSwiftPackageReference "LaunchAtLogin" */;
			productName = LaunchAtLogin;
		};
/* End XCSwiftPackageProductDependency section */

/* Begin XCVersionGroup section */
		B20CC83927E66437007A96E3 /* Medo.xcdatamodeld */ = {
			isa = XCVersionGroup;
			children = (
				B20CC83A27E66437007A96E3 /* Medo.xcdatamodel */,
			);
			currentVersion = B20CC83A27E66437007A96E3 /* Medo.xcdatamodel */;
			path = Medo.xcdatamodeld;
			sourceTree = "<group>";
			versionGroupType = wrapper.xcdatamodel;
		};
/* End XCVersionGroup section */
	};
	rootObject = B20CC82327E66434007A96E3 /* Project object */;
}
